
Microsoft Visual Studio Solution File, Format Version 12.00
# Visual Studio Version 17
VisualStudioVersion = 17.3.32922.545
MinimumVisualStudioVersion = 10.0.40219.1
Project("{FAE04EC0-301F-11D3-BF4B-00C04F79EFBC}") = "purr mission", "purr mission.csproj", "{A41D1862-E697-40BD-B9D2-8906EA4860FC}"
EndProject
Global
	GlobalSection(SolutionConfigurationPlatforms) = preSolution
		Debug|Any CPU = Debug|Any CPU
		Release|Any CPU = Release|Any CPU
	EndGlobalSection
	GlobalSection(ProjectConfigurationPlatforms) = postSolution
		{A41D1862-E697-40BD-B9D2-8906EA4860FC}.Debug|Any CPU.ActiveCfg = Debug|Any CPU
		{A41D1862-E697-40BD-B9D2-8906EA4860FC}.Debug|Any CPU.Build.0 = Debug|Any CPU
		{A41D1862-E697-40BD-B9D2-8906EA4860FC}.Release|Any CPU.ActiveCfg = Release|Any CPU
		{A41D1862-E697-40BD-B9D2-8906EA4860FC}.Release|Any CPU.Build.0 = Release|Any CPU
	EndGlobalSection
	GlobalSection(SolutionProperties) = preSolution
		HideSolutionNode = FALSE
	EndGlobalSection
	GlobalSection(ExtensibilityGlobals) = postSolution
		SolutionGuid = {7F368AD4-0473-49CD-9535-17481FB673FE}
	EndGlobalSection
EndGlobal
